
Microsoft Visual Studio Solution File, Format Version 12.00
# Visual Studio Express 2013 for Windows Desktop
VisualStudioVersion = 12.0.21005.1
MinimumVisualStudioVersion = 10.0.40219.1
Project("{8BC9CEB8-8B4A-11D0-8D11-00A0C91BC942}") = "001 대입 연산자", "001 대입 연산자\001 대입 연산자.vcxproj", "{A5BA1F9B-1A9A-40C9-84A7-186F35F0EBE6}"
EndProject
Project("{8BC9CEB8-8B4A-11D0-8D11-00A0C91BC942}") = "002 산술연산자", "002 산술연산자\002 산술연산자.vcxproj", "{AB2ED970-305A-4873-8A0F-0EA156BBF4EB}"
EndProject
Project("{8BC9CEB8-8B4A-11D0-8D11-00A0C91BC942}") = "003 복합 대입 연산자", "003 복합 대입 연산자\003 복합 대입 연산자.vcxproj", "{0F783BB6-2D26-4864-94C9-2FF87DFFDB79}"
EndProject
Project("{8BC9CEB8-8B4A-11D0-8D11-00A0C91BC942}") = "004 증감연산자", "004 증감연산자\004 증감연산자.vcxproj", "{A4DD6553-0EE0-4A2F-B941-8203EA5D5FFA}"
EndProject
Project("{8BC9CEB8-8B4A-11D0-8D11-00A0C91BC942}") = "005 관계연산자", "005 관계연산자\005 관계연산자.vcxproj", "{15F816EC-BF21-4989-8830-06A8B4675231}"
EndProject
Project("{8BC9CEB8-8B4A-11D0-8D11-00A0C91BC942}") = "006 논리연산자", "006 논리연산자\006 논리연산자.vcxproj", "{4DE88D7C-A0F6-4647-9F6E-8767CA62386F}"
EndProject
Project("{8BC9CEB8-8B4A-11D0-8D11-00A0C91BC942}") = "007 조건연산자", "007 조건연산자\007 조건연산자.vcxproj", "{2E4104A4-C03B-4A3D-B8DC-BE171D99E9FD}"
EndProject
Project("{8BC9CEB8-8B4A-11D0-8D11-00A0C91BC942}") = "008 연습문제 나누어 떨어지는 수", "008 연습문제 나누어 떨어지는 수\008 연습문제 나누어 떨어지는 수.vcxproj", "{17C752F9-A6F7-459B-9BCB-3ED3D7BAAB2B}"
EndProject
Project("{8BC9CEB8-8B4A-11D0-8D11-00A0C91BC942}") = "009 비트연산자", "009 비트연산자\009 비트연산자.vcxproj", "{60847F0E-A8D1-4658-B350-3BB65A1F110E}"
EndProject
Global
	GlobalSection(SolutionConfigurationPlatforms) = preSolution
		Debug|Win32 = Debug|Win32
		Release|Win32 = Release|Win32
	EndGlobalSection
	GlobalSection(ProjectConfigurationPlatforms) = postSolution
		{A5BA1F9B-1A9A-40C9-84A7-186F35F0EBE6}.Debug|Win32.ActiveCfg = Debug|Win32
		{A5BA1F9B-1A9A-40C9-84A7-186F35F0EBE6}.Debug|Win32.Build.0 = Debug|Win32
		{A5BA1F9B-1A9A-40C9-84A7-186F35F0EBE6}.Release|Win32.ActiveCfg = Release|Win32
		{A5BA1F9B-1A9A-40C9-84A7-186F35F0EBE6}.Release|Win32.Build.0 = Release|Win32
		{AB2ED970-305A-4873-8A0F-0EA156BBF4EB}.Debug|Win32.ActiveCfg = Debug|Win32
		{AB2ED970-305A-4873-8A0F-0EA156BBF4EB}.Debug|Win32.Build.0 = Debug|Win32
		{AB2ED970-305A-4873-8A0F-0EA156BBF4EB}.Release|Win32.ActiveCfg = Release|Win32
		{AB2ED970-305A-4873-8A0F-0EA156BBF4EB}.Release|Win32.Build.0 = Release|Win32
		{0F783BB6-2D26-4864-94C9-2FF87DFFDB79}.Debug|Win32.ActiveCfg = Debug|Win32
		{0F783BB6-2D26-4864-94C9-2FF87DFFDB79}.Debug|Win32.Build.0 = Debug|Win32
		{0F783BB6-2D26-4864-94C9-2FF87DFFDB79}.Release|Win32.ActiveCfg = Release|Win32
		{0F783BB6-2D26-4864-94C9-2FF87DFFDB79}.Release|Win32.Build.0 = Release|Win32
		{A4DD6553-0EE0-4A2F-B941-8203EA5D5FFA}.Debug|Win32.ActiveCfg = Debug|Win32
		{A4DD6553-0EE0-4A2F-B941-8203EA5D5FFA}.Debug|Win32.Build.0 = Debug|Win32
		{A4DD6553-0EE0-4A2F-B941-8203EA5D5FFA}.Release|Win32.ActiveCfg = Release|Win32
		{A4DD6553-0EE0-4A2F-B941-8203EA5D5FFA}.Release|Win32.Build.0 = Release|Win32
		{15F816EC-BF21-4989-8830-06A8B4675231}.Debug|Win32.ActiveCfg = Debug|Win32
		{15F816EC-BF21-4989-8830-06A8B4675231}.Debug|Win32.Build.0 = Debug|Win32
		{15F816EC-BF21-4989-8830-06A8B4675231}.Release|Win32.ActiveCfg = Release|Win32
		{15F816EC-BF21-4989-8830-06A8B4675231}.Release|Win32.Build.0 = Release|Win32
		{4DE88D7C-A0F6-4647-9F6E-8767CA62386F}.Debug|Win32.ActiveCfg = Debug|Win32
		{4DE88D7C-A0F6-4647-9F6E-8767CA62386F}.Debug|Win32.Build.0 = Debug|Win32
		{4DE88D7C-A0F6-4647-9F6E-8767CA62386F}.Release|Win32.ActiveCfg = Release|Win32
		{4DE88D7C-A0F6-4647-9F6E-8767CA62386F}.Release|Win32.Build.0 = Release|Win32
		{2E4104A4-C03B-4A3D-B8DC-BE171D99E9FD}.Debug|Win32.ActiveCfg = Debug|Win32
		{2E4104A4-C03B-4A3D-B8DC-BE171D99E9FD}.Debug|Win32.Build.0 = Debug|Win32
		{2E4104A4-C03B-4A3D-B8DC-BE171D99E9FD}.Release|Win32.ActiveCfg = Release|Win32
		{2E4104A4-C03B-4A3D-B8DC-BE171D99E9FD}.Release|Win32.Build.0 = Release|Win32
		{17C752F9-A6F7-459B-9BCB-3ED3D7BAAB2B}.Debug|Win32.ActiveCfg = Debug|Win32
		{17C752F9-A6F7-459B-9BCB-3ED3D7BAAB2B}.Debug|Win32.Build.0 = Debug|Win32
		{17C752F9-A6F7-459B-9BCB-3ED3D7BAAB2B}.Release|Win32.ActiveCfg = Release|Win32
		{17C752F9-A6F7-459B-9BCB-3ED3D7BAAB2B}.Release|Win32.Build.0 = Release|Win32
		{60847F0E-A8D1-4658-B350-3BB65A1F110E}.Debug|Win32.ActiveCfg = Debug|Win32
		{60847F0E-A8D1-4658-B350-3BB65A1F110E}.Debug|Win32.Build.0 = Debug|Win32
		{60847F0E-A8D1-4658-B350-3BB65A1F110E}.Release|Win32.ActiveCfg = Release|Win32
		{60847F0E-A8D1-4658-B350-3BB65A1F110E}.Release|Win32.Build.0 = Release|Win32
	EndGlobalSection
	GlobalSection(SolutionProperties) = preSolution
		HideSolutionNode = FALSE
	EndGlobalSection
EndGlobal
