
Microsoft Visual Studio Solution File, Format Version 12.00
# Visual Studio Express 2013 for Windows Desktop
VisualStudioVersion = 12.0.21005.1
MinimumVisualStudioVersion = 10.0.40219.1
Project("{8BC9CEB8-8B4A-11D0-8D11-00A0C91BC942}") = "SimpleTank", "SimpleTank\SimpleTank.vcxproj", "{52A8E04E-BD12-4A4A-A348-E24D36A9F309}"
EndProject
Project("{8BC9CEB8-8B4A-11D0-8D11-00A0C91BC942}") = "RefactMiniWorld", "RefactMiniWorld\RefactMiniWorld.vcxproj", "{44A1FABC-A4AD-4B87-ADAE-F49836887FFF}"
EndProject
Project("{8BC9CEB8-8B4A-11D0-8D11-00A0C91BC942}") = "Rotation", "Rotation\Rotation.vcxproj", "{E06DD185-5281-4BBB-8449-9C72C6110BED}"
EndProject
Global
	GlobalSection(SolutionConfigurationPlatforms) = preSolution
		Debug|Win32 = Debug|Win32
		Release|Win32 = Release|Win32
	EndGlobalSection
	GlobalSection(ProjectConfigurationPlatforms) = postSolution
		{52A8E04E-BD12-4A4A-A348-E24D36A9F309}.Debug|Win32.ActiveCfg = Debug|Win32
		{52A8E04E-BD12-4A4A-A348-E24D36A9F309}.Debug|Win32.Build.0 = Debug|Win32
		{52A8E04E-BD12-4A4A-A348-E24D36A9F309}.Release|Win32.ActiveCfg = Release|Win32
		{52A8E04E-BD12-4A4A-A348-E24D36A9F309}.Release|Win32.Build.0 = Release|Win32
		{44A1FABC-A4AD-4B87-ADAE-F49836887FFF}.Debug|Win32.ActiveCfg = Debug|Win32
		{44A1FABC-A4AD-4B87-ADAE-F49836887FFF}.Debug|Win32.Build.0 = Debug|Win32
		{44A1FABC-A4AD-4B87-ADAE-F49836887FFF}.Release|Win32.ActiveCfg = Release|Win32
		{44A1FABC-A4AD-4B87-ADAE-F49836887FFF}.Release|Win32.Build.0 = Release|Win32
		{E06DD185-5281-4BBB-8449-9C72C6110BED}.Debug|Win32.ActiveCfg = Debug|Win32
		{E06DD185-5281-4BBB-8449-9C72C6110BED}.Debug|Win32.Build.0 = Debug|Win32
		{E06DD185-5281-4BBB-8449-9C72C6110BED}.Release|Win32.ActiveCfg = Release|Win32
		{E06DD185-5281-4BBB-8449-9C72C6110BED}.Release|Win32.Build.0 = Release|Win32
	EndGlobalSection
	GlobalSection(SolutionProperties) = preSolution
		HideSolutionNode = FALSE
	EndGlobalSection
EndGlobal
