
Microsoft Visual Studio Solution File, Format Version 12.00
# Visual Studio Express 2013 for Windows Desktop
VisualStudioVersion = 12.0.21005.1
MinimumVisualStudioVersion = 10.0.40219.1
Project("{8BC9CEB8-8B4A-11D0-8D11-00A0C91BC942}") = "001 대입 연산자", "001 대입 연산자\001 대입 연산자.vcxproj", "{A5BA1F9B-1A9A-40C9-84A7-186F35F0EBE6}"
EndProject
Project("{8BC9CEB8-8B4A-11D0-8D11-00A0C91BC942}") = "002 산술연산자", "002 산술연산자\002 산술연산자.vcxproj", "{AB2ED970-305A-4873-8A0F-0EA156BBF4EB}"
EndProject
Project("{8BC9CEB8-8B4A-11D0-8D11-00A0C91BC942}") = "003 복합 대입 연산자", "003 복합 대입 연산자\003 복합 대입 연산자.vcxproj", "{0F783BB6-2D26-4864-94C9-2FF87DFFDB79}"
EndProject
Project("{8BC9CEB8-8B4A-11D0-8D11-00A0C91BC942}") = "004 증감연산자", "004 증감연산자\004 증감연산자.vcxproj", "{A4DD6553-0EE0-4A2F-B941-8203EA5D5FFA}"
EndProject
Global
	GlobalSection(SolutionConfigurationPlatforms) = preSolution
		Debug|Win32 = Debug|Win32
		Release|Win32 = Release|Win32
	EndGlobalSection
	GlobalSection(ProjectConfigurationPlatforms) = postSolution
		{A5BA1F9B-1A9A-40C9-84A7-186F35F0EBE6}.Debug|Win32.ActiveCfg = Debug|Win32
		{A5BA1F9B-1A9A-40C9-84A7-186F35F0EBE6}.Debug|Win32.Build.0 = Debug|Win32
		{A5BA1F9B-1A9A-40C9-84A7-186F35F0EBE6}.Release|Win32.ActiveCfg = Release|Win32
		{A5BA1F9B-1A9A-40C9-84A7-186F35F0EBE6}.Release|Win32.Build.0 = Release|Win32
		{AB2ED970-305A-4873-8A0F-0EA156BBF4EB}.Debug|Win32.ActiveCfg = Debug|Win32
		{AB2ED970-305A-4873-8A0F-0EA156BBF4EB}.Debug|Win32.Build.0 = Debug|Win32
		{AB2ED970-305A-4873-8A0F-0EA156BBF4EB}.Release|Win32.ActiveCfg = Release|Win32
		{AB2ED970-305A-4873-8A0F-0EA156BBF4EB}.Release|Win32.Build.0 = Release|Win32
		{0F783BB6-2D26-4864-94C9-2FF87DFFDB79}.Debug|Win32.ActiveCfg = Debug|Win32
		{0F783BB6-2D26-4864-94C9-2FF87DFFDB79}.Debug|Win32.Build.0 = Debug|Win32
		{0F783BB6-2D26-4864-94C9-2FF87DFFDB79}.Release|Win32.ActiveCfg = Release|Win32
		{0F783BB6-2D26-4864-94C9-2FF87DFFDB79}.Release|Win32.Build.0 = Release|Win32
		{A4DD6553-0EE0-4A2F-B941-8203EA5D5FFA}.Debug|Win32.ActiveCfg = Debug|Win32
		{A4DD6553-0EE0-4A2F-B941-8203EA5D5FFA}.Debug|Win32.Build.0 = Debug|Win32
		{A4DD6553-0EE0-4A2F-B941-8203EA5D5FFA}.Release|Win32.ActiveCfg = Release|Win32
		{A4DD6553-0EE0-4A2F-B941-8203EA5D5FFA}.Release|Win32.Build.0 = Release|Win32
	EndGlobalSection
	GlobalSection(SolutionProperties) = preSolution
		HideSolutionNode = FALSE
	EndGlobalSection
EndGlobal
