
Microsoft Visual Studio Solution File, Format Version 12.00
# Visual Studio Express 2013 for Windows Desktop
VisualStudioVersion = 12.0.21005.1
MinimumVisualStudioVersion = 10.0.40219.1
Project("{8BC9CEB8-8B4A-11D0-8D11-00A0C91BC942}") = "001 if", "001 if\001 if.vcxproj", "{FD421148-1455-4174-A8A4-D1C591DC8B5A}"
EndProject
Global
	GlobalSection(SolutionConfigurationPlatforms) = preSolution
		Debug|Win32 = Debug|Win32
		Release|Win32 = Release|Win32
	EndGlobalSection
	GlobalSection(ProjectConfigurationPlatforms) = postSolution
		{FD421148-1455-4174-A8A4-D1C591DC8B5A}.Debug|Win32.ActiveCfg = Debug|Win32
		{FD421148-1455-4174-A8A4-D1C591DC8B5A}.Debug|Win32.Build.0 = Debug|Win32
		{FD421148-1455-4174-A8A4-D1C591DC8B5A}.Release|Win32.ActiveCfg = Release|Win32
		{FD421148-1455-4174-A8A4-D1C591DC8B5A}.Release|Win32.Build.0 = Release|Win32
	EndGlobalSection
	GlobalSection(SolutionProperties) = preSolution
		HideSolutionNode = FALSE
	EndGlobalSection
EndGlobal
