
Microsoft Visual Studio Solution File, Format Version 12.00
# Visual Studio 2013
VisualStudioVersion = 12.0.30501.0
MinimumVisualStudioVersion = 10.0.40219.1
Project("{8BC9CEB8-8B4A-11D0-8D11-00A0C91BC942}") = "001 구조체와 클래스의 비교", "001 구조체와 클래스의 비교\001 구조체와 클래스의 비교.vcxproj", "{C164C32D-C61C-47A8-9D2B-532C7BAEA895}"
EndProject
Project("{8BC9CEB8-8B4A-11D0-8D11-00A0C91BC942}") = "002 클래스의 생성자와 소멸자", "002 클래스의 생성자와 소멸자\002 클래스의 생성자와 소멸자.vcxproj", "{FF8D772A-7E2F-4F4A-AA13-D8385B1813B2}"
EndProject
Project("{8BC9CEB8-8B4A-11D0-8D11-00A0C91BC942}") = "003 Abstraction Interface", "003 Abstraction Interface\003 Abstraction Interface.vcxproj", "{A04896C3-AA2B-4DCB-9C88-351E6266A69E}"
EndProject
Project("{8BC9CEB8-8B4A-11D0-8D11-00A0C91BC942}") = "004 Inheritance _ single", "004 Inheritance _ single\004 Inheritance _ single.vcxproj", "{D44069DA-A0DD-411F-8CA3-09E39A04CF30}"
EndProject
Project("{8BC9CEB8-8B4A-11D0-8D11-00A0C91BC942}") = "003-1 map obejct", "003-1 map obejct\003-1 map obejct.vcxproj", "{8619B82E-0260-491A-898B-8538781526B6}"
EndProject
Global
	GlobalSection(SolutionConfigurationPlatforms) = preSolution
		Debug|Win32 = Debug|Win32
		Release|Win32 = Release|Win32
	EndGlobalSection
	GlobalSection(ProjectConfigurationPlatforms) = postSolution
		{C164C32D-C61C-47A8-9D2B-532C7BAEA895}.Debug|Win32.ActiveCfg = Debug|Win32
		{C164C32D-C61C-47A8-9D2B-532C7BAEA895}.Debug|Win32.Build.0 = Debug|Win32
		{C164C32D-C61C-47A8-9D2B-532C7BAEA895}.Release|Win32.ActiveCfg = Release|Win32
		{C164C32D-C61C-47A8-9D2B-532C7BAEA895}.Release|Win32.Build.0 = Release|Win32
		{FF8D772A-7E2F-4F4A-AA13-D8385B1813B2}.Debug|Win32.ActiveCfg = Debug|Win32
		{FF8D772A-7E2F-4F4A-AA13-D8385B1813B2}.Debug|Win32.Build.0 = Debug|Win32
		{FF8D772A-7E2F-4F4A-AA13-D8385B1813B2}.Release|Win32.ActiveCfg = Release|Win32
		{FF8D772A-7E2F-4F4A-AA13-D8385B1813B2}.Release|Win32.Build.0 = Release|Win32
		{A04896C3-AA2B-4DCB-9C88-351E6266A69E}.Debug|Win32.ActiveCfg = Debug|Win32
		{A04896C3-AA2B-4DCB-9C88-351E6266A69E}.Debug|Win32.Build.0 = Debug|Win32
		{A04896C3-AA2B-4DCB-9C88-351E6266A69E}.Release|Win32.ActiveCfg = Release|Win32
		{A04896C3-AA2B-4DCB-9C88-351E6266A69E}.Release|Win32.Build.0 = Release|Win32
		{D44069DA-A0DD-411F-8CA3-09E39A04CF30}.Debug|Win32.ActiveCfg = Debug|Win32
		{D44069DA-A0DD-411F-8CA3-09E39A04CF30}.Debug|Win32.Build.0 = Debug|Win32
		{D44069DA-A0DD-411F-8CA3-09E39A04CF30}.Release|Win32.ActiveCfg = Release|Win32
		{D44069DA-A0DD-411F-8CA3-09E39A04CF30}.Release|Win32.Build.0 = Release|Win32
		{8619B82E-0260-491A-898B-8538781526B6}.Debug|Win32.ActiveCfg = Debug|Win32
		{8619B82E-0260-491A-898B-8538781526B6}.Debug|Win32.Build.0 = Debug|Win32
		{8619B82E-0260-491A-898B-8538781526B6}.Release|Win32.ActiveCfg = Release|Win32
		{8619B82E-0260-491A-898B-8538781526B6}.Release|Win32.Build.0 = Release|Win32
	EndGlobalSection
	GlobalSection(SolutionProperties) = preSolution
		HideSolutionNode = FALSE
	EndGlobalSection
EndGlobal
