<?xml version="1.0" encoding="utf-8"?>
<Project ToolsVersion="4.0" xmlns="http://schemas.microsoft.com/developer/msbuild/2003">
  <ItemGroup>
    <ClInclude Include="SimpleWindow.h" />
    <ClInclude Include="KeyController.h" />
  </ItemGroup>
  <ItemGroup>
    <ClCompile Include="SimpleWindow.cpp" />
    <ClCompile Include="WindowMain.cpp" />
  </ItemGroup>
</Project>