
Microsoft Visual Studio Solution File, Format Version 12.00
# Visual Studio 2013
VisualStudioVersion = 12.0.30501.0
MinimumVisualStudioVersion = 10.0.40219.1
Project("{8BC9CEB8-8B4A-11D0-8D11-00A0C91BC942}") = "Vector2D", "Vector2D\Vector2D.vcxproj", "{C85CB18E-47B0-4F14-BBF0-E2DA0F3539F4}"
EndProject
Project("{8BC9CEB8-8B4A-11D0-8D11-00A0C91BC942}") = "VectorHomework", "VectorHomework\VectorHomework.vcxproj", "{F4F05E02-21A7-4BCB-B38B-6EDA66CB33E9}"
EndProject
Global
	GlobalSection(SolutionConfigurationPlatforms) = preSolution
		Debug|Win32 = Debug|Win32
		Release|Win32 = Release|Win32
	EndGlobalSection
	GlobalSection(ProjectConfigurationPlatforms) = postSolution
		{C85CB18E-47B0-4F14-BBF0-E2DA0F3539F4}.Debug|Win32.ActiveCfg = Debug|Win32
		{C85CB18E-47B0-4F14-BBF0-E2DA0F3539F4}.Debug|Win32.Build.0 = Debug|Win32
		{C85CB18E-47B0-4F14-BBF0-E2DA0F3539F4}.Release|Win32.ActiveCfg = Release|Win32
		{C85CB18E-47B0-4F14-BBF0-E2DA0F3539F4}.Release|Win32.Build.0 = Release|Win32
		{F4F05E02-21A7-4BCB-B38B-6EDA66CB33E9}.Debug|Win32.ActiveCfg = Debug|Win32
		{F4F05E02-21A7-4BCB-B38B-6EDA66CB33E9}.Debug|Win32.Build.0 = Debug|Win32
		{F4F05E02-21A7-4BCB-B38B-6EDA66CB33E9}.Release|Win32.ActiveCfg = Release|Win32
		{F4F05E02-21A7-4BCB-B38B-6EDA66CB33E9}.Release|Win32.Build.0 = Release|Win32
	EndGlobalSection
	GlobalSection(SolutionProperties) = preSolution
		HideSolutionNode = FALSE
	EndGlobalSection
EndGlobal
