
Microsoft Visual Studio Solution File, Format Version 12.00
# Visual Studio Express 2013 for Windows Desktop
VisualStudioVersion = 12.0.21005.1
MinimumVisualStudioVersion = 10.0.40219.1
Project("{8BC9CEB8-8B4A-11D0-8D11-00A0C91BC942}") = "API2D Control", "API2D Control\API2D Control.vcxproj", "{696FEF80-B4E7-4EA5-9799-02675510EA69}"
EndProject
Project("{8BC9CEB8-8B4A-11D0-8D11-00A0C91BC942}") = "RefactMiniWorld", "MiniEngine\RefactMiniWorld\RefactMiniWorld.vcxproj", "{44A1FABC-A4AD-4B87-ADAE-F49836887FFF}"
EndProject
Project("{8BC9CEB8-8B4A-11D0-8D11-00A0C91BC942}") = "TimerHomwork fix2", "TimerHomwork fix2\TimerHomwork fix2.vcxproj", "{CE05A4BE-1941-4490-8A8C-6875874A4B95}"
EndProject
Project("{8BC9CEB8-8B4A-11D0-8D11-00A0C91BC942}") = "API2D Control2", "API2D Control2\API2D Control2.vcxproj", "{351ABC9B-046D-4A70-B7F1-3B14EF70BDA1}"
EndProject
Global
	GlobalSection(SolutionConfigurationPlatforms) = preSolution
		Debug|Win32 = Debug|Win32
		Release|Win32 = Release|Win32
	EndGlobalSection
	GlobalSection(ProjectConfigurationPlatforms) = postSolution
		{696FEF80-B4E7-4EA5-9799-02675510EA69}.Debug|Win32.ActiveCfg = Debug|Win32
		{696FEF80-B4E7-4EA5-9799-02675510EA69}.Debug|Win32.Build.0 = Debug|Win32
		{696FEF80-B4E7-4EA5-9799-02675510EA69}.Release|Win32.ActiveCfg = Release|Win32
		{696FEF80-B4E7-4EA5-9799-02675510EA69}.Release|Win32.Build.0 = Release|Win32
		{44A1FABC-A4AD-4B87-ADAE-F49836887FFF}.Debug|Win32.ActiveCfg = Debug|Win32
		{44A1FABC-A4AD-4B87-ADAE-F49836887FFF}.Debug|Win32.Build.0 = Debug|Win32
		{44A1FABC-A4AD-4B87-ADAE-F49836887FFF}.Release|Win32.ActiveCfg = Release|Win32
		{44A1FABC-A4AD-4B87-ADAE-F49836887FFF}.Release|Win32.Build.0 = Release|Win32
		{CE05A4BE-1941-4490-8A8C-6875874A4B95}.Debug|Win32.ActiveCfg = Debug|Win32
		{CE05A4BE-1941-4490-8A8C-6875874A4B95}.Debug|Win32.Build.0 = Debug|Win32
		{CE05A4BE-1941-4490-8A8C-6875874A4B95}.Release|Win32.ActiveCfg = Release|Win32
		{CE05A4BE-1941-4490-8A8C-6875874A4B95}.Release|Win32.Build.0 = Release|Win32
		{351ABC9B-046D-4A70-B7F1-3B14EF70BDA1}.Debug|Win32.ActiveCfg = Debug|Win32
		{351ABC9B-046D-4A70-B7F1-3B14EF70BDA1}.Debug|Win32.Build.0 = Debug|Win32
		{351ABC9B-046D-4A70-B7F1-3B14EF70BDA1}.Release|Win32.ActiveCfg = Release|Win32
		{351ABC9B-046D-4A70-B7F1-3B14EF70BDA1}.Release|Win32.Build.0 = Release|Win32
	EndGlobalSection
	GlobalSection(SolutionProperties) = preSolution
		HideSolutionNode = FALSE
	EndGlobalSection
EndGlobal
