
Microsoft Visual Studio Solution File, Format Version 12.00
# Visual Studio Express 2013 for Windows Desktop
VisualStudioVersion = 12.0.21005.1
MinimumVisualStudioVersion = 10.0.40219.1
Project("{8BC9CEB8-8B4A-11D0-8D11-00A0C91BC942}") = "001 숫자 상수", "001 숫자 상수\001 숫자 상수.vcxproj", "{10E7F0B2-CC2D-402F-86D7-ABFD126ED8C3}"
EndProject
Project("{8BC9CEB8-8B4A-11D0-8D11-00A0C91BC942}") = "002 상수의 크기", "002 상수의 크기\002 상수의 크기.vcxproj", "{A1D296A4-906F-4862-B9CB-586EDE11D41F}"
EndProject
Project("{8BC9CEB8-8B4A-11D0-8D11-00A0C91BC942}") = "003 ASCIICode", "003 ASCIICode\003 ASCIICode.vcxproj", "{5CBD5456-2F8A-495E-A4F8-C1730477992E}"
EndProject
Global
	GlobalSection(SolutionConfigurationPlatforms) = preSolution
		Debug|Win32 = Debug|Win32
		Release|Win32 = Release|Win32
	EndGlobalSection
	GlobalSection(ProjectConfigurationPlatforms) = postSolution
		{10E7F0B2-CC2D-402F-86D7-ABFD126ED8C3}.Debug|Win32.ActiveCfg = Debug|Win32
		{10E7F0B2-CC2D-402F-86D7-ABFD126ED8C3}.Debug|Win32.Build.0 = Debug|Win32
		{10E7F0B2-CC2D-402F-86D7-ABFD126ED8C3}.Release|Win32.ActiveCfg = Release|Win32
		{10E7F0B2-CC2D-402F-86D7-ABFD126ED8C3}.Release|Win32.Build.0 = Release|Win32
		{A1D296A4-906F-4862-B9CB-586EDE11D41F}.Debug|Win32.ActiveCfg = Debug|Win32
		{A1D296A4-906F-4862-B9CB-586EDE11D41F}.Debug|Win32.Build.0 = Debug|Win32
		{A1D296A4-906F-4862-B9CB-586EDE11D41F}.Release|Win32.ActiveCfg = Release|Win32
		{A1D296A4-906F-4862-B9CB-586EDE11D41F}.Release|Win32.Build.0 = Release|Win32
		{5CBD5456-2F8A-495E-A4F8-C1730477992E}.Debug|Win32.ActiveCfg = Debug|Win32
		{5CBD5456-2F8A-495E-A4F8-C1730477992E}.Debug|Win32.Build.0 = Debug|Win32
		{5CBD5456-2F8A-495E-A4F8-C1730477992E}.Release|Win32.ActiveCfg = Release|Win32
		{5CBD5456-2F8A-495E-A4F8-C1730477992E}.Release|Win32.Build.0 = Release|Win32
	EndGlobalSection
	GlobalSection(SolutionProperties) = preSolution
		HideSolutionNode = FALSE
	EndGlobalSection
EndGlobal
