
Microsoft Visual Studio Solution File, Format Version 12.00
# Visual Studio Express 2013 for Windows Desktop
VisualStudioVersion = 12.0.21005.1
MinimumVisualStudioVersion = 10.0.40219.1
Project("{8BC9CEB8-8B4A-11D0-8D11-00A0C91BC942}") = "001 while", "001 while\001 while.vcxproj", "{55C9490D-5083-454F-8075-C4EF6F379D5E}"
EndProject
Project("{8BC9CEB8-8B4A-11D0-8D11-00A0C91BC942}") = "002 while 구구단 출력", "002 while 구구단 출력\002 while 구구단 출력.vcxproj", "{25EFFB88-74FD-4A49-B3C0-B655390B52D0}"
EndProject
Project("{8BC9CEB8-8B4A-11D0-8D11-00A0C91BC942}") = "003 while문으로 7의 배수 구하기", "003 while문으로 7의 배수 구하기\003 while문으로 7의 배수 구하기.vcxproj", "{055A284D-F992-4555-87C9-BFA95E064107}"
EndProject
Project("{8BC9CEB8-8B4A-11D0-8D11-00A0C91BC942}") = "004 for", "004 for\004 for.vcxproj", "{685A4E31-2DF5-4699-8069-555D258623A8}"
EndProject
Project("{8BC9CEB8-8B4A-11D0-8D11-00A0C91BC942}") = "005 for 이자 구하기", "005 for 이자 구하기\005 for 이자 구하기.vcxproj", "{1596465B-CF6E-4138-A656-26631ABC17DD}"
EndProject
Project("{8BC9CEB8-8B4A-11D0-8D11-00A0C91BC942}") = "006 tilemap 그리기", "006 tilemap 그리기\006 tilemap 그리기.vcxproj", "{33F60E34-AFC3-445D-997D-AFB2CF42D8A9}"
EndProject
Project("{8BC9CEB8-8B4A-11D0-8D11-00A0C91BC942}") = "007 for 무한 문자 입력", "007 for 무한 문자 입력\007 for 무한 문자 입력.vcxproj", "{DF1A9708-5810-4B5D-9399-7DAD8DF7ACD6}"
EndProject
Project("{8BC9CEB8-8B4A-11D0-8D11-00A0C91BC942}") = "008 do while", "008 do while\008 do while.vcxproj", "{20A005A1-3D5C-4564-9602-18722AE2D001}"
EndProject
Project("{8BC9CEB8-8B4A-11D0-8D11-00A0C91BC942}") = "009 do while AsciiCode 출력", "009 do while AsciiCode 출력\009 do while AsciiCode 출력.vcxproj", "{84A6813A-32A0-4C16-985D-13A18CEF9F6C}"
EndProject
Project("{8BC9CEB8-8B4A-11D0-8D11-00A0C91BC942}") = "010 과제 tilemap에서 별 이동하기", "010 과제 tilemap에서 별 이동하기\010 과제 tilemap에서 별 이동하기.vcxproj", "{14CBC53F-EF85-4F90-83A4-07F122F6346A}"
EndProject
Global
	GlobalSection(SolutionConfigurationPlatforms) = preSolution
		Debug|Win32 = Debug|Win32
		Release|Win32 = Release|Win32
	EndGlobalSection
	GlobalSection(ProjectConfigurationPlatforms) = postSolution
		{55C9490D-5083-454F-8075-C4EF6F379D5E}.Debug|Win32.ActiveCfg = Debug|Win32
		{55C9490D-5083-454F-8075-C4EF6F379D5E}.Debug|Win32.Build.0 = Debug|Win32
		{55C9490D-5083-454F-8075-C4EF6F379D5E}.Release|Win32.ActiveCfg = Release|Win32
		{55C9490D-5083-454F-8075-C4EF6F379D5E}.Release|Win32.Build.0 = Release|Win32
		{25EFFB88-74FD-4A49-B3C0-B655390B52D0}.Debug|Win32.ActiveCfg = Debug|Win32
		{25EFFB88-74FD-4A49-B3C0-B655390B52D0}.Debug|Win32.Build.0 = Debug|Win32
		{25EFFB88-74FD-4A49-B3C0-B655390B52D0}.Release|Win32.ActiveCfg = Release|Win32
		{25EFFB88-74FD-4A49-B3C0-B655390B52D0}.Release|Win32.Build.0 = Release|Win32
		{055A284D-F992-4555-87C9-BFA95E064107}.Debug|Win32.ActiveCfg = Debug|Win32
		{055A284D-F992-4555-87C9-BFA95E064107}.Debug|Win32.Build.0 = Debug|Win32
		{055A284D-F992-4555-87C9-BFA95E064107}.Release|Win32.ActiveCfg = Release|Win32
		{055A284D-F992-4555-87C9-BFA95E064107}.Release|Win32.Build.0 = Release|Win32
		{685A4E31-2DF5-4699-8069-555D258623A8}.Debug|Win32.ActiveCfg = Debug|Win32
		{685A4E31-2DF5-4699-8069-555D258623A8}.Debug|Win32.Build.0 = Debug|Win32
		{685A4E31-2DF5-4699-8069-555D258623A8}.Release|Win32.ActiveCfg = Release|Win32
		{685A4E31-2DF5-4699-8069-555D258623A8}.Release|Win32.Build.0 = Release|Win32
		{1596465B-CF6E-4138-A656-26631ABC17DD}.Debug|Win32.ActiveCfg = Debug|Win32
		{1596465B-CF6E-4138-A656-26631ABC17DD}.Debug|Win32.Build.0 = Debug|Win32
		{1596465B-CF6E-4138-A656-26631ABC17DD}.Release|Win32.ActiveCfg = Release|Win32
		{1596465B-CF6E-4138-A656-26631ABC17DD}.Release|Win32.Build.0 = Release|Win32
		{33F60E34-AFC3-445D-997D-AFB2CF42D8A9}.Debug|Win32.ActiveCfg = Debug|Win32
		{33F60E34-AFC3-445D-997D-AFB2CF42D8A9}.Debug|Win32.Build.0 = Debug|Win32
		{33F60E34-AFC3-445D-997D-AFB2CF42D8A9}.Release|Win32.ActiveCfg = Release|Win32
		{33F60E34-AFC3-445D-997D-AFB2CF42D8A9}.Release|Win32.Build.0 = Release|Win32
		{DF1A9708-5810-4B5D-9399-7DAD8DF7ACD6}.Debug|Win32.ActiveCfg = Debug|Win32
		{DF1A9708-5810-4B5D-9399-7DAD8DF7ACD6}.Debug|Win32.Build.0 = Debug|Win32
		{DF1A9708-5810-4B5D-9399-7DAD8DF7ACD6}.Release|Win32.ActiveCfg = Release|Win32
		{DF1A9708-5810-4B5D-9399-7DAD8DF7ACD6}.Release|Win32.Build.0 = Release|Win32
		{20A005A1-3D5C-4564-9602-18722AE2D001}.Debug|Win32.ActiveCfg = Debug|Win32
		{20A005A1-3D5C-4564-9602-18722AE2D001}.Debug|Win32.Build.0 = Debug|Win32
		{20A005A1-3D5C-4564-9602-18722AE2D001}.Release|Win32.ActiveCfg = Release|Win32
		{20A005A1-3D5C-4564-9602-18722AE2D001}.Release|Win32.Build.0 = Release|Win32
		{84A6813A-32A0-4C16-985D-13A18CEF9F6C}.Debug|Win32.ActiveCfg = Debug|Win32
		{84A6813A-32A0-4C16-985D-13A18CEF9F6C}.Debug|Win32.Build.0 = Debug|Win32
		{84A6813A-32A0-4C16-985D-13A18CEF9F6C}.Release|Win32.ActiveCfg = Release|Win32
		{84A6813A-32A0-4C16-985D-13A18CEF9F6C}.Release|Win32.Build.0 = Release|Win32
		{14CBC53F-EF85-4F90-83A4-07F122F6346A}.Debug|Win32.ActiveCfg = Debug|Win32
		{14CBC53F-EF85-4F90-83A4-07F122F6346A}.Debug|Win32.Build.0 = Debug|Win32
		{14CBC53F-EF85-4F90-83A4-07F122F6346A}.Release|Win32.ActiveCfg = Release|Win32
		{14CBC53F-EF85-4F90-83A4-07F122F6346A}.Release|Win32.Build.0 = Release|Win32
	EndGlobalSection
	GlobalSection(SolutionProperties) = preSolution
		HideSolutionNode = FALSE
	EndGlobalSection
EndGlobal
