
Microsoft Visual Studio Solution File, Format Version 12.00
# Visual Studio 2013
VisualStudioVersion = 12.0.30501.0
MinimumVisualStudioVersion = 10.0.40219.1
Project("{8BC9CEB8-8B4A-11D0-8D11-00A0C91BC942}") = "Equation_Line", "Equation_Line\Equation_Line.vcxproj", "{50222290-0216-46D6-B29C-D27977A4645B}"
EndProject
Project("{8BC9CEB8-8B4A-11D0-8D11-00A0C91BC942}") = "Equation_Parabola", "Equation_Curve\Equation_Curve.vcxproj", "{5551E0F8-1CA1-418B-A91B-8252899DE801}"
EndProject
Global
	GlobalSection(SolutionConfigurationPlatforms) = preSolution
		Debug|Win32 = Debug|Win32
		Release|Win32 = Release|Win32
	EndGlobalSection
	GlobalSection(ProjectConfigurationPlatforms) = postSolution
		{50222290-0216-46D6-B29C-D27977A4645B}.Debug|Win32.ActiveCfg = Debug|Win32
		{50222290-0216-46D6-B29C-D27977A4645B}.Debug|Win32.Build.0 = Debug|Win32
		{50222290-0216-46D6-B29C-D27977A4645B}.Release|Win32.ActiveCfg = Release|Win32
		{50222290-0216-46D6-B29C-D27977A4645B}.Release|Win32.Build.0 = Release|Win32
		{5551E0F8-1CA1-418B-A91B-8252899DE801}.Debug|Win32.ActiveCfg = Debug|Win32
		{5551E0F8-1CA1-418B-A91B-8252899DE801}.Debug|Win32.Build.0 = Debug|Win32
		{5551E0F8-1CA1-418B-A91B-8252899DE801}.Release|Win32.ActiveCfg = Release|Win32
		{5551E0F8-1CA1-418B-A91B-8252899DE801}.Release|Win32.Build.0 = Release|Win32
	EndGlobalSection
	GlobalSection(SolutionProperties) = preSolution
		HideSolutionNode = FALSE
	EndGlobalSection
EndGlobal
