
Microsoft Visual Studio Solution File, Format Version 12.00
# Visual Studio Express 2013 for Windows Desktop
VisualStudioVersion = 12.0.21005.1
MinimumVisualStudioVersion = 10.0.40219.1
Project("{8BC9CEB8-8B4A-11D0-8D11-00A0C91BC942}") = "000 A SimpleWindow", "000 A SimpleWindow\000 A SimpleWindow.vcxproj", "{9F990E46-ACFE-46D8-AA13-30421E7BA6D3}"
EndProject
Project("{8BC9CEB8-8B4A-11D0-8D11-00A0C91BC942}") = "000-1 SimpleWindow", "000-1 SimpleWindow\000-1 SimpleWindow.vcxproj", "{FB4CFD5A-B3C1-4B6F-BEA9-DCB1F120B7DA}"
EndProject
Project("{8BC9CEB8-8B4A-11D0-8D11-00A0C91BC942}") = "001 SimpleWindow", "001 SimpleWindow\001 SimpleWindow.vcxproj", "{854AF99E-07B0-446C-AC95-1B56670ADAB7}"
EndProject
Global
	GlobalSection(SolutionConfigurationPlatforms) = preSolution
		Debug|Win32 = Debug|Win32
		Release|Win32 = Release|Win32
	EndGlobalSection
	GlobalSection(ProjectConfigurationPlatforms) = postSolution
		{9F990E46-ACFE-46D8-AA13-30421E7BA6D3}.Debug|Win32.ActiveCfg = Debug|Win32
		{9F990E46-ACFE-46D8-AA13-30421E7BA6D3}.Debug|Win32.Build.0 = Debug|Win32
		{9F990E46-ACFE-46D8-AA13-30421E7BA6D3}.Release|Win32.ActiveCfg = Release|Win32
		{9F990E46-ACFE-46D8-AA13-30421E7BA6D3}.Release|Win32.Build.0 = Release|Win32
		{FB4CFD5A-B3C1-4B6F-BEA9-DCB1F120B7DA}.Debug|Win32.ActiveCfg = Debug|Win32
		{FB4CFD5A-B3C1-4B6F-BEA9-DCB1F120B7DA}.Debug|Win32.Build.0 = Debug|Win32
		{FB4CFD5A-B3C1-4B6F-BEA9-DCB1F120B7DA}.Release|Win32.ActiveCfg = Release|Win32
		{FB4CFD5A-B3C1-4B6F-BEA9-DCB1F120B7DA}.Release|Win32.Build.0 = Release|Win32
		{854AF99E-07B0-446C-AC95-1B56670ADAB7}.Debug|Win32.ActiveCfg = Debug|Win32
		{854AF99E-07B0-446C-AC95-1B56670ADAB7}.Debug|Win32.Build.0 = Debug|Win32
		{854AF99E-07B0-446C-AC95-1B56670ADAB7}.Release|Win32.ActiveCfg = Release|Win32
		{854AF99E-07B0-446C-AC95-1B56670ADAB7}.Release|Win32.Build.0 = Release|Win32
	EndGlobalSection
	GlobalSection(SolutionProperties) = preSolution
		HideSolutionNode = FALSE
	EndGlobalSection
EndGlobal
