
Microsoft Visual Studio Solution File, Format Version 12.00
# Visual Studio 2013
VisualStudioVersion = 12.0.30501.0
MinimumVisualStudioVersion = 10.0.40219.1
Project("{8BC9CEB8-8B4A-11D0-8D11-00A0C91BC942}") = "SimpleBitmap", "SimpleBitmap\SimpleBitmap.vcxproj", "{5C2DDEA1-5BAD-4338-8448-D7A87F80FE8A}"
EndProject
Project("{8BC9CEB8-8B4A-11D0-8D11-00A0C91BC942}") = "SimpleBitmapSprite", "SimpleBitmapSprite\SimpleBitmapSprite.vcxproj", "{AF001FFE-10F5-464E-9127-BFC0CA24E8E3}"
EndProject
Global
	GlobalSection(SolutionConfigurationPlatforms) = preSolution
		Debug|Win32 = Debug|Win32
		Release|Win32 = Release|Win32
	EndGlobalSection
	GlobalSection(ProjectConfigurationPlatforms) = postSolution
		{5C2DDEA1-5BAD-4338-8448-D7A87F80FE8A}.Debug|Win32.ActiveCfg = Debug|Win32
		{5C2DDEA1-5BAD-4338-8448-D7A87F80FE8A}.Debug|Win32.Build.0 = Debug|Win32
		{5C2DDEA1-5BAD-4338-8448-D7A87F80FE8A}.Release|Win32.ActiveCfg = Release|Win32
		{5C2DDEA1-5BAD-4338-8448-D7A87F80FE8A}.Release|Win32.Build.0 = Release|Win32
		{AF001FFE-10F5-464E-9127-BFC0CA24E8E3}.Debug|Win32.ActiveCfg = Debug|Win32
		{AF001FFE-10F5-464E-9127-BFC0CA24E8E3}.Debug|Win32.Build.0 = Debug|Win32
		{AF001FFE-10F5-464E-9127-BFC0CA24E8E3}.Release|Win32.ActiveCfg = Release|Win32
		{AF001FFE-10F5-464E-9127-BFC0CA24E8E3}.Release|Win32.Build.0 = Release|Win32
	EndGlobalSection
	GlobalSection(SolutionProperties) = preSolution
		HideSolutionNode = FALSE
	EndGlobalSection
EndGlobal
