
Microsoft Visual Studio Solution File, Format Version 12.00
# Visual Studio Express 2013 for Windows Desktop
VisualStudioVersion = 12.0.21005.1
MinimumVisualStudioVersion = 10.0.40219.1
Project("{8BC9CEB8-8B4A-11D0-8D11-00A0C91BC942}") = "011 Pointer 선언 및 사용", "011 Pointer 선언 및 사용\011 Pointer 선언 및 사용.vcxproj", "{CB5C54F2-0A43-4065-9AB6-3EF2ADBB7BC9}"
EndProject
Project("{8BC9CEB8-8B4A-11D0-8D11-00A0C91BC942}") = "002 1차 배열 포인터", "002 1차 배열 포인터\002 1차 배열 포인터.vcxproj", "{D4D50656-5797-429B-98A6-3A76E4DE18BF}"
EndProject
Global
	GlobalSection(SolutionConfigurationPlatforms) = preSolution
		Debug|Win32 = Debug|Win32
		Release|Win32 = Release|Win32
	EndGlobalSection
	GlobalSection(ProjectConfigurationPlatforms) = postSolution
		{CB5C54F2-0A43-4065-9AB6-3EF2ADBB7BC9}.Debug|Win32.ActiveCfg = Debug|Win32
		{CB5C54F2-0A43-4065-9AB6-3EF2ADBB7BC9}.Debug|Win32.Build.0 = Debug|Win32
		{CB5C54F2-0A43-4065-9AB6-3EF2ADBB7BC9}.Release|Win32.ActiveCfg = Release|Win32
		{CB5C54F2-0A43-4065-9AB6-3EF2ADBB7BC9}.Release|Win32.Build.0 = Release|Win32
		{D4D50656-5797-429B-98A6-3A76E4DE18BF}.Debug|Win32.ActiveCfg = Debug|Win32
		{D4D50656-5797-429B-98A6-3A76E4DE18BF}.Debug|Win32.Build.0 = Debug|Win32
		{D4D50656-5797-429B-98A6-3A76E4DE18BF}.Release|Win32.ActiveCfg = Release|Win32
		{D4D50656-5797-429B-98A6-3A76E4DE18BF}.Release|Win32.Build.0 = Release|Win32
	EndGlobalSection
	GlobalSection(SolutionProperties) = preSolution
		HideSolutionNode = FALSE
	EndGlobalSection
EndGlobal
